
Microsoft Visual Studio Solution File, Format Version 12.00
# Visual Studio Version 17
VisualStudioVersion = 17.8.34309.116
MinimumVisualStudioVersion = 10.0.40219.1
Project("{FAE04EC0-301F-11D3-BF4B-00C04F79EFBC}") = "QuantframeLib", "QuantframeLib.csproj", "{03192101-2A9E-411D-B5BE-597F30BCEC79}"
EndProject
Global
	GlobalSection(SolutionConfigurationPlatforms) = preSolution
		Debug|Any CPU = Debug|Any CPU
		Release|Any CPU = Release|Any CPU
	EndGlobalSection
	GlobalSection(ProjectConfigurationPlatforms) = postSolution
		{03192101-2A9E-411D-B5BE-597F30BCEC79}.Debug|Any CPU.ActiveCfg = Debug|Any CPU
		{03192101-2A9E-411D-B5BE-597F30BCEC79}.Debug|Any CPU.Build.0 = Debug|Any CPU
		{03192101-2A9E-411D-B5BE-597F30BCEC79}.Release|Any CPU.ActiveCfg = Release|Any CPU
		{03192101-2A9E-411D-B5BE-597F30BCEC79}.Release|Any CPU.Build.0 = Release|Any CPU
	EndGlobalSection
	GlobalSection(SolutionProperties) = preSolution
		HideSolutionNode = FALSE
	EndGlobalSection
	GlobalSection(ExtensibilityGlobals) = postSolution
		SolutionGuid = {0A43BAAE-711B-4F04-8B54-F4F37DCC2FAF}
	EndGlobalSection
EndGlobal
